// !$*UTF8*$!
{
	archiveVersion = 1;
	classes = {
	};
	objectVersion = 50;
	objects = {

/* Begin PBXBuildFile section */
		DD030231235464730070C358 /* MealTableViewCell.swift in Sources */ = {isa = PBXBuildFile; fileRef = DD030230235464730070C358 /* MealTableViewCell.swift */; };
		DD03023323547E360070C358 /* MealTableViewController.swift in Sources */ = {isa = PBXBuildFile; fileRef = DD03023223547E360070C358 /* MealTableViewController.swift */; };
		DD0C5A3623530C68001F81DA /* Meal.swift in Sources */ = {isa = PBXBuildFile; fileRef = DD0C5A3523530C68001F81DA /* Meal.swift */; };
		DDC2708F231101F90017452D /* AppDelegate.swift in Sources */ = {isa = PBXBuildFile; fileRef = DDC2708E231101F90017452D /* AppDelegate.swift */; };
		DDC27091231101F90017452D /* MealViewController.swift in Sources */ = {isa = PBXBuildFile; fileRef = DDC27090231101F90017452D /* MealViewController.swift */; };
		DDC27094231101F90017452D /* Main.storyboard in Resources */ = {isa = PBXBuildFile; fileRef = DDC27092231101F90017452D /* Main.storyboard */; };
		DDC27097231101F90017452D /* FoodTracker.xcdatamodeld in Sources */ = {isa = PBXBuildFile; fileRef = DDC27095231101F90017452D /* FoodTracker.xcdatamodeld */; };
		DDC27099231101F90017452D /* Assets.xcassets in Resources */ = {isa = PBXBuildFile; fileRef = DDC27098231101F90017452D /* Assets.xcassets */; };
		DDC2709C231101F90017452D /* LaunchScreen.storyboard in Resources */ = {isa = PBXBuildFile; fileRef = DDC2709A231101F90017452D /* LaunchScreen.storyboard */; };
		DDC270A7231101F90017452D /* FoodTrackerTests.swift in Sources */ = {isa = PBXBuildFile; fileRef = DDC270A6231101F90017452D /* FoodTrackerTests.swift */; };
		DDC270B2231101F90017452D /* FoodTrackerUITests.swift in Sources */ = {isa = PBXBuildFile; fileRef = DDC270B1231101F90017452D /* FoodTrackerUITests.swift */; };
		DDE13EC72319A6E100EF1E09 /* RatingControl.swift in Sources */ = {isa = PBXBuildFile; fileRef = DDE13EC62319A6E100EF1E09 /* RatingControl.swift */; };
/* End PBXBuildFile section */

/* Begin PBXContainerItemProxy section */
		DDC270A3231101F90017452D /* PBXContainerItemProxy */ = {
			isa = PBXContainerItemProxy;
			containerPortal = DDC27083231101F90017452D /* Project object */;
			proxyType = 1;
			remoteGlobalIDString = DDC2708A231101F90017452D;
			remoteInfo = FoodTracker;
		};
		DDC270AE231101F90017452D /* PBXContainerItemProxy */ = {
			isa = PBXContainerItemProxy;
			containerPortal = DDC27083231101F90017452D /* Project object */;
			proxyType = 1;
			remoteGlobalIDString = DDC2708A231101F90017452D;
			remoteInfo = FoodTracker;
		};
/* End PBXContainerItemProxy section */

/* Begin PBXFileReference section */
		DD030230235464730070C358 /* MealTableViewCell.swift */ = {isa = PBXFileReference; lastKnownFileType = sourcecode.swift; path = MealTableViewCell.swift; sourceTree = "<group>"; };
		DD03023223547E360070C358 /* MealTableViewController.swift */ = {isa = PBXFileReference; lastKnownFileType = sourcecode.swift; path = MealTableViewController.swift; sourceTree = "<group>"; };
		DD0C5A3523530C68001F81DA /* Meal.swift */ = {isa = PBXFileReference; lastKnownFileType = sourcecode.swift; path = Meal.swift; sourceTree = "<group>"; };
		DD539731235400F600060FEC /* AssetsLibrary.framework */ = {isa = PBXFileReference; lastKnownFileType = wrapper.framework; name = AssetsLibrary.framework; path = System/Library/Frameworks/AssetsLibrary.framework; sourceTree = SDKROOT; };
		DDC2708B231101F90017452D /* FoodTracker.app */ = {isa = PBXFileReference; explicitFileType = wrapper.application; includeInIndex = 0; path = FoodTracker.app; sourceTree = BUILT_PRODUCTS_DIR; };
		DDC2708E231101F90017452D /* AppDelegate.swift */ = {isa = PBXFileReference; lastKnownFileType = sourcecode.swift; path = AppDelegate.swift; sourceTree = "<group>"; };
		DDC27090231101F90017452D /* MealViewController.swift */ = {isa = PBXFileReference; lastKnownFileType = sourcecode.swift; path = MealViewController.swift; sourceTree = "<group>"; };
		DDC27093231101F90017452D /* Base */ = {isa = PBXFileReference; lastKnownFileType = file.storyboard; name = Base; path = Base.lproj/Main.storyboard; sourceTree = "<group>"; };
		DDC27096231101F90017452D /* FoodTracker.xcdatamodel */ = {isa = PBXFileReference; lastKnownFileType = wrapper.xcdatamodel; path = FoodTracker.xcdatamodel; sourceTree = "<group>"; };
		DDC27098231101F90017452D /* Assets.xcassets */ = {isa = PBXFileReference; lastKnownFileType = folder.assetcatalog; path = Assets.xcassets; sourceTree = "<group>"; };
		DDC2709B231101F90017452D /* Base */ = {isa = PBXFileReference; lastKnownFileType = file.storyboard; name = Base; path = Base.lproj/LaunchScreen.storyboard; sourceTree = "<group>"; };
		DDC2709D231101F90017452D /* Info.plist */ = {isa = PBXFileReference; lastKnownFileType = text.plist.xml; path = Info.plist; sourceTree = "<group>"; };
		DDC270A2231101F90017452D /* FoodTrackerTests.xctest */ = {isa = PBXFileReference; explicitFileType = wrapper.cfbundle; includeInIndex = 0; path = FoodTrackerTests.xctest; sourceTree = BUILT_PRODUCTS_DIR; };
		DDC270A6231101F90017452D /* FoodTrackerTests.swift */ = {isa = PBXFileReference; lastKnownFileType = sourcecode.swift; path = FoodTrackerTests.swift; sourceTree = "<group>"; };
		DDC270A8231101F90017452D /* Info.plist */ = {isa = PBXFileReference; lastKnownFileType = text.plist.xml; path = Info.plist; sourceTree = "<group>"; };
		DDC270AD231101F90017452D /* FoodTrackerUITests.xctest */ = {isa = PBXFileReference; explicitFileType = wrapper.cfbundle; includeInIndex = 0; path = FoodTrackerUITests.xctest; sourceTree = BUILT_PRODUCTS_DIR; };
		DDC270B1231101F90017452D /* FoodTrackerUITests.swift */ = {isa = PBXFileReference; lastKnownFileType = sourcecode.swift; path = FoodTrackerUITests.swift; sourceTree = "<group>"; };
		DDC270B3231101F90017452D /* Info.plist */ = {isa = PBXFileReference; lastKnownFileType = text.plist.xml; path = Info.plist; sourceTree = "<group>"; };
		DDE13EC62319A6E100EF1E09 /* RatingControl.swift */ = {isa = PBXFileReference; lastKnownFileType = sourcecode.swift; path = RatingControl.swift; sourceTree = "<group>"; };
/* End PBXFileReference section */

/* Begin PBXFrameworksBuildPhase section */
		DDC27088231101F90017452D /* Frameworks */ = {
			isa = PBXFrameworksBuildPhase;
			buildActionMask = 2147483647;
			files = (
			);
			runOnlyForDeploymentPostprocessing = 0;
		};
		DDC2709F231101F90017452D /* Frameworks */ = {
			isa = PBXFrameworksBuildPhase;
			buildActionMask = 2147483647;
			files = (
			);
			runOnlyForDeploymentPostprocessing = 0;
		};
		DDC270AA231101F90017452D /* Frameworks */ = {
			isa = PBXFrameworksBuildPhase;
			buildActionMask = 2147483647;
			files = (
			);
			runOnlyForDeploymentPostprocessing = 0;
		};
/* End PBXFrameworksBuildPhase section */

/* Begin PBXGroup section */
		DD539730235400F600060FEC /* Frameworks */ = {
			isa = PBXGroup;
			children = (
				DD539731235400F600060FEC /* AssetsLibrary.framework */,
			);
			name = Frameworks;
			sourceTree = "<group>";
		};
		DDC27082231101F90017452D = {
			isa = PBXGroup;
			children = (
				DDC2708D231101F90017452D /* FoodTracker */,
				DDC270A5231101F90017452D /* FoodTrackerTests */,
				DDC270B0231101F90017452D /* FoodTrackerUITests */,
				DDC2708C231101F90017452D /* Products */,
				DD539730235400F600060FEC /* Frameworks */,
			);
			sourceTree = "<group>";
		};
		DDC2708C231101F90017452D /* Products */ = {
			isa = PBXGroup;
			children = (
				DDC2708B231101F90017452D /* FoodTracker.app */,
				DDC270A2231101F90017452D /* FoodTrackerTests.xctest */,
				DDC270AD231101F90017452D /* FoodTrackerUITests.xctest */,
			);
			name = Products;
			sourceTree = "<group>";
		};
		DDC2708D231101F90017452D /* FoodTracker */ = {
			isa = PBXGroup;
			children = (
				DDC2708E231101F90017452D /* AppDelegate.swift */,
				DDE13EC62319A6E100EF1E09 /* RatingControl.swift */,
				DD0C5A3523530C68001F81DA /* Meal.swift */,
				DD030230235464730070C358 /* MealTableViewCell.swift */,
				DD03023223547E360070C358 /* MealTableViewController.swift */,
				DDC27090231101F90017452D /* MealViewController.swift */,
				DDC27092231101F90017452D /* Main.storyboard */,
				DDC27098231101F90017452D /* Assets.xcassets */,
				DDC2709A231101F90017452D /* LaunchScreen.storyboard */,
				DDC2709D231101F90017452D /* Info.plist */,
				DDC27095231101F90017452D /* FoodTracker.xcdatamodeld */,
			);
			path = FoodTracker;
			sourceTree = "<group>";
		};
		DDC270A5231101F90017452D /* FoodTrackerTests */ = {
			isa = PBXGroup;
			children = (
				DDC270A6231101F90017452D /* FoodTrackerTests.swift */,
				DDC270A8231101F90017452D /* Info.plist */,
			);
			path = FoodTrackerTests;
			sourceTree = "<group>";
		};
		DDC270B0231101F90017452D /* FoodTrackerUITests */ = {
			isa = PBXGroup;
			children = (
				DDC270B1231101F90017452D /* FoodTrackerUITests.swift */,
				DDC270B3231101F90017452D /* Info.plist */,
			);
			path = FoodTrackerUITests;
			sourceTree = "<group>";
		};
/* End PBXGroup section */

/* Begin PBXNativeTarget section */
		DDC2708A231101F90017452D /* FoodTracker */ = {
			isa = PBXNativeTarget;
			buildConfigurationList = DDC270B6231101F90017452D /* Build configuration list for PBXNativeTarget "FoodTracker" */;
			buildPhases = (
				DDC27087231101F90017452D /* Sources */,
				DDC27088231101F90017452D /* Frameworks */,
				DDC27089231101F90017452D /* Resources */,
			);
			buildRules = (
			);
			dependencies = (
			);
			name = FoodTracker;
			productName = FoodTracker;
			productReference = DDC2708B231101F90017452D /* FoodTracker.app */;
			productType = "com.apple.product-type.application";
		};
		DDC270A1231101F90017452D /* FoodTrackerTests */ = {
			isa = PBXNativeTarget;
			buildConfigurationList = DDC270B9231101F90017452D /* Build configuration list for PBXNativeTarget "FoodTrackerTests" */;
			buildPhases = (
				DDC2709E231101F90017452D /* Sources */,
				DDC2709F231101F90017452D /* Frameworks */,
				DDC270A0231101F90017452D /* Resources */,
			);
			buildRules = (
			);
			dependencies = (
				DDC270A4231101F90017452D /* PBXTargetDependency */,
			);
			name = FoodTrackerTests;
			productName = FoodTrackerTests;
			productReference = DDC270A2231101F90017452D /* FoodTrackerTests.xctest */;
			productType = "com.apple.product-type.bundle.unit-test";
		};
		DDC270AC231101F90017452D /* FoodTrackerUITests */ = {
			isa = PBXNativeTarget;
			buildConfigurationList = DDC270BC231101F90017452D /* Build configuration list for PBXNativeTarget "FoodTrackerUITests" */;
			buildPhases = (
				DDC270A9231101F90017452D /* Sources */,
				DDC270AA231101F90017452D /* Frameworks */,
				DDC270AB231101F90017452D /* Resources */,
			);
			buildRules = (
			);
			dependencies = (
				DDC270AF231101F90017452D /* PBXTargetDependency */,
			);
			name = FoodTrackerUITests;
			productName = FoodTrackerUITests;
			productReference = DDC270AD231101F90017452D /* FoodTrackerUITests.xctest */;
			productType = "com.apple.product-type.bundle.ui-testing";
		};
/* End PBXNativeTarget section */

/* Begin PBXProject section */
		DDC27083231101F90017452D /* Project object */ = {
			isa = PBXProject;
			attributes = {
				LastSwiftUpdateCheck = 1030;
				LastUpgradeCheck = 1030;
				ORGANIZATIONNAME = "Murakami Masaki";
				TargetAttributes = {
					DDC2708A231101F90017452D = {
						CreatedOnToolsVersion = 10.3;
					};
					DDC270A1231101F90017452D = {
						CreatedOnToolsVersion = 10.3;
						TestTargetID = DDC2708A231101F90017452D;
					};
					DDC270AC231101F90017452D = {
						CreatedOnToolsVersion = 10.3;
						TestTargetID = DDC2708A231101F90017452D;
					};
				};
			};
			buildConfigurationList = DDC27086231101F90017452D /* Build configuration list for PBXProject "FoodTracker" */;
			compatibilityVersion = "Xcode 9.3";
			developmentRegion = en;
			hasScannedForEncodings = 0;
			knownRegions = (
				en,
				Base,
			);
			mainGroup = DDC27082231101F90017452D;
			productRefGroup = DDC2708C231101F90017452D /* Products */;
			projectDirPath = "";
			projectRoot = "";
			targets = (
				DDC2708A231101F90017452D /* FoodTracker */,
				DDC270A1231101F90017452D /* FoodTrackerTests */,
				DDC270AC231101F90017452D /* FoodTrackerUITests */,
			);
		};
/* End PBXProject section */

/* Begin PBXResourcesBuildPhase section */
		DDC27089231101F90017452D /* Resources */ = {
			isa = PBXResourcesBuildPhase;
			buildActionMask = 2147483647;
			files = (
				DDC2709C231101F90017452D /* LaunchScreen.storyboard in Resources */,
				DDC27099231101F90017452D /* Assets.xcassets in Resources */,
				DDC27094231101F90017452D /* Main.storyboard in Resources */,
			);
			runOnlyForDeploymentPostprocessing = 0;
		};
		DDC270A0231101F90017452D /* Resources */ = {
			isa = PBXResourcesBuildPhase;
			buildActionMask = 2147483647;
			files = (
			);
			runOnlyForDeploymentPostprocessing = 0;
		};
		DDC270AB231101F90017452D /* Resources */ = {
			isa = PBXResourcesBuildPhase;
			buildActionMask = 2147483647;
			files = (
			);
			runOnlyForDeploymentPostprocessing = 0;
		};
/* End PBXResourcesBuildPhase section */

/* Begin PBXSourcesBuildPhase section */
		DDC27087231101F90017452D /* Sources */ = {
			isa = PBXSourcesBuildPhase;
			buildActionMask = 2147483647;
			files = (
				DD0C5A3623530C68001F81DA /* Meal.swift in Sources */,
				DDE13EC72319A6E100EF1E09 /* RatingControl.swift in Sources */,
				DD03023323547E360070C358 /* MealTableViewController.swift in Sources */,
				DD030231235464730070C358 /* MealTableViewCell.swift in Sources */,
				DDC27091231101F90017452D /* MealViewController.swift in Sources */,
				DDC2708F231101F90017452D /* AppDelegate.swift in Sources */,
				DDC27097231101F90017452D /* FoodTracker.xcdatamodeld in Sources */,
			);
			runOnlyForDeploymentPostprocessing = 0;
		};
		DDC2709E231101F90017452D /* Sources */ = {
			isa = PBXSourcesBuildPhase;
			buildActionMask = 2147483647;
			files = (
				DDC270A7231101F90017452D /* FoodTrackerTests.swift in Sources */,
			);
			runOnlyForDeploymentPostprocessing = 0;
		};
		DDC270A9231101F90017452D /* Sources */ = {
			isa = PBXSourcesBuildPhase;
			buildActionMask = 2147483647;
			files = (
				DDC270B2231101F90017452D /* FoodTrackerUITests.swift in Sources */,
			);
			runOnlyForDeploymentPostprocessing = 0;
		};
/* End PBXSourcesBuildPhase section */

/* Begin PBXTargetDependency section */
		DDC270A4231101F90017452D /* PBXTargetDependency */ = {
			isa = PBXTargetDependency;
			target = DDC2708A231101F90017452D /* FoodTracker */;
			targetProxy = DDC270A3231101F90017452D /* PBXContainerItemProxy */;
		};
		DDC270AF231101F90017452D /* PBXTargetDependency */ = {
			isa = PBXTargetDependency;
			target = DDC2708A231101F90017452D /* FoodTracker */;
			targetProxy = DDC270AE231101F90017452D /* PBXContainerItemProxy */;
		};
/* End PBXTargetDependency section */

/* Begin PBXVariantGroup section */
		DDC27092231101F90017452D /* Main.storyboard */ = {
			isa = PBXVariantGroup;
			children = (
				DDC27093231101F90017452D /* Base */,
			);
			name = Main.storyboard;
			sourceTree = "<group>";
		};
		DDC2709A231101F90017452D /* LaunchScreen.storyboard */ = {
			isa = PBXVariantGroup;
			children = (
				DDC2709B231101F90017452D /* Base */,
			);
			name = LaunchScreen.storyboard;
			sourceTree = "<group>";
		};
/* End PBXVariantGroup section */

/* Begin XCBuildConfiguration section */
		DDC270B4231101F90017452D /* Debug */ = {
			isa = XCBuildConfiguration;
			buildSettings = {
				ALWAYS_SEARCH_USER_PATHS = NO;
				CLANG_ANALYZER_NONNULL = YES;
				CLANG_ANALYZER_NUMBER_OBJECT_CONVERSION = YES_AGGRESSIVE;
				CLANG_CXX_LANGUAGE_STANDARD = "gnu++14";
				CLANG_CXX_LIBRARY = "libc++";
				CLANG_ENABLE_MODULES = YES;
				CLANG_ENABLE_OBJC_ARC = YES;
				CLANG_ENABLE_OBJC_WEAK = YES;
				CLANG_WARN_BLOCK_CAPTURE_AUTORELEASING = YES;
				CLANG_WARN_BOOL_CONVERSION = YES;
				CLANG_WARN_COMMA = YES;
				CLANG_WARN_CONSTANT_CONVERSION = YES;
				CLANG_WARN_DEPRECATED_OBJC_IMPLEMENTATIONS = YES;
				CLANG_WARN_DIRECT_OBJC_ISA_USAGE = YES_ERROR;
				CLANG_WARN_DOCUMENTATION_COMMENTS = YES;
				CLANG_WARN_EMPTY_BODY = YES;
				CLANG_WARN_ENUM_CONVERSION = YES;
				CLANG_WARN_INFINITE_RECURSION = YES;
				CLANG_WARN_INT_CONVERSION = YES;
				CLANG_WARN_NON_LITERAL_NULL_CONVERSION = YES;
				CLANG_WARN_OBJC_IMPLICIT_RETAIN_SELF = YES;
				CLANG_WARN_OBJC_LITERAL_CONVERSION = YES;
				CLANG_WARN_OBJC_ROOT_CLASS = YES_ERROR;
				CLANG_WARN_RANGE_LOOP_ANALYSIS = YES;
				CLANG_WARN_STRICT_PROTOTYPES = YES;
				CLANG_WARN_SUSPICIOUS_MOVE = YES;
				CLANG_WARN_UNGUARDED_AVAILABILITY = YES_AGGRESSIVE;
				CLANG_WARN_UNREACHABLE_CODE = YES;
				CLANG_WARN__DUPLICATE_METHOD_MATCH = YES;
				CODE_SIGN_IDENTITY = "iPhone Developer";
				COPY_PHASE_STRIP = NO;
				DEBUG_INFORMATION_FORMAT = dwarf;
				ENABLE_STRICT_OBJC_MSGSEND = YES;
				ENABLE_TESTABILITY = YES;
				GCC_C_LANGUAGE_STANDARD = gnu11;
				GCC_DYNAMIC_NO_PIC = NO;
				GCC_NO_COMMON_BLOCKS = YES;
				GCC_OPTIMIZATION_LEVEL = 0;
				GCC_PREPROCESSOR_DEFINITIONS = (
					"DEBUG=1",
					"$(inherited)",
				);
				GCC_WARN_64_TO_32_BIT_CONVERSION = YES;
				GCC_WARN_ABOUT_RETURN_TYPE = YES_ERROR;
				GCC_WARN_UNDECLARED_SELECTOR = YES;
				GCC_WARN_UNINITIALIZED_AUTOS = YES_AGGRESSIVE;
				GCC_WARN_UNUSED_FUNCTION = YES;
				GCC_WARN_UNUSED_VARIABLE = YES;
				IPHONEOS_DEPLOYMENT_TARGET = 12.4;
				MTL_ENABLE_DEBUG_INFO = INCLUDE_SOURCE;
				MTL_FAST_MATH = YES;
				ONLY_ACTIVE_ARCH = YES;
				SDKROOT = iphoneos;
				SWIFT_ACTIVE_COMPILATION_CONDITIONS = DEBUG;
				SWIFT_OPTIMIZATION_LEVEL = "-Onone";
			};
			name = Debug;
		};
		DDC270B5231101F90017452D /* Release */ = {
			isa = XCBuildConfiguration;
			buildSettings = {
				ALWAYS_SEARCH_USER_PATHS = NO;
				CLANG_ANALYZER_NONNULL = YES;
				CLANG_ANALYZER_NUMBER_OBJECT_CONVERSION = YES_AGGRESSIVE;
				CLANG_CXX_LANGUAGE_STANDARD = "gnu++14";
				CLANG_CXX_LIBRARY = "libc++";
				CLANG_ENABLE_MODULES = YES;
				CLANG_ENABLE_OBJC_ARC = YES;
				CLANG_ENABLE_OBJC_WEAK = YES;
				CLANG_WARN_BLOCK_CAPTURE_AUTORELEASING = YES;
				CLANG_WARN_BOOL_CONVERSION = YES;
				CLANG_WARN_COMMA = YES;
				CLANG_WARN_CONSTANT_CONVERSION = YES;
				CLANG_WARN_DEPRECATED_OBJC_IMPLEMENTATIONS = YES;
				CLANG_WARN_DIRECT_OBJC_ISA_USAGE = YES_ERROR;
				CLANG_WARN_DOCUMENTATION_COMMENTS = YES;
				CLANG_WARN_EMPTY_BODY = YES;
				CLANG_WARN_ENUM_CONVERSION = YES;
				CLANG_WARN_INFINITE_RECURSION = YES;
				CLANG_WARN_INT_CONVERSION = YES;
				CLANG_WARN_NON_LITERAL_NULL_CONVERSION = YES;
				CLANG_WARN_OBJC_IMPLICIT_RETAIN_SELF = YES;
				CLANG_WARN_OBJC_LITERAL_CONVERSION = YES;
				CLANG_WARN_OBJC_ROOT_CLASS = YES_ERROR;
				CLANG_WARN_RANGE_LOOP_ANALYSIS = YES;
				CLANG_WARN_STRICT_PROTOTYPES = YES;
				CLANG_WARN_SUSPICIOUS_MOVE = YES;
				CLANG_WARN_UNGUARDED_AVAILABILITY = YES_AGGRESSIVE;
				CLANG_WARN_UNREACHABLE_CODE = YES;
				CLANG_WARN__DUPLICATE_METHOD_MATCH = YES;
				CODE_SIGN_IDENTITY = "iPhone Developer";
				COPY_PHASE_STRIP = NO;
				DEBUG_INFORMATION_FORMAT = "dwarf-with-dsym";
				ENABLE_NS_ASSERTIONS = NO;
				ENABLE_STRICT_OBJC_MSGSEND = YES;
				GCC_C_LANGUAGE_STANDARD = gnu11;
				GCC_NO_COMMON_BLOCKS = YES;
				GCC_WARN_64_TO_32_BIT_CONVERSION = YES;
				GCC_WARN_ABOUT_RETURN_TYPE = YES_ERROR;
				GCC_WARN_UNDECLARED_SELECTOR = YES;
				GCC_WARN_UNINITIALIZED_AUTOS = YES_AGGRESSIVE;
				GCC_WARN_UNUSED_FUNCTION = YES;
				GCC_WARN_UNUSED_VARIABLE = YES;
				IPHONEOS_DEPLOYMENT_TARGET = 12.4;
				MTL_ENABLE_DEBUG_INFO = NO;
				MTL_FAST_MATH = YES;
				SDKROOT = iphoneos;
				SWIFT_COMPILATION_MODE = wholemodule;
				SWIFT_OPTIMIZATION_LEVEL = "-O";
				VALIDATE_PRODUCT = YES;
			};
			name = Release;
		};
		DDC270B7231101F90017452D /* Debug */ = {
			isa = XCBuildConfiguration;
			buildSettings = {
				ASSETCATALOG_COMPILER_APPICON_NAME = AppIcon;
				CODE_SIGN_STYLE = Automatic;
				DEVELOPMENT_TEAM = EEHY369BTU;
				INFOPLIST_FILE = FoodTracker/Info.plist;
				LD_RUNPATH_SEARCH_PATHS = (
					"$(inherited)",
					"@executable_path/Frameworks",
				);
				PRODUCT_BUNDLE_IDENTIFIER = com.murakami.FoodTracker;
				PRODUCT_NAME = "$(TARGET_NAME)";
				SWIFT_VERSION = 5.0;
				TARGETED_DEVICE_FAMILY = "1,2";
			};
			name = Debug;
		};
		DDC270B8231101F90017452D /* Release */ = {
			isa = XCBuildConfiguration;
			buildSettings = {
				ASSETCATALOG_COMPILER_APPICON_NAME = AppIcon;
				CODE_SIGN_STYLE = Automatic;
				DEVELOPMENT_TEAM = EEHY369BTU;
				INFOPLIST_FILE = FoodTracker/Info.plist;
				LD_RUNPATH_SEARCH_PATHS = (
					"$(inherited)",
					"@executable_path/Frameworks",
				);
				PRODUCT_BUNDLE_IDENTIFIER = com.murakami.FoodTracker;
				PRODUCT_NAME = "$(TARGET_NAME)";
				SWIFT_VERSION = 5.0;
				TARGETED_DEVICE_FAMILY = "1,2";
			};
			name = Release;
		};
		DDC270BA231101F90017452D /* Debug */ = {
			isa = XCBuildConfiguration;
			buildSettings = {
				ALWAYS_EMBED_SWIFT_STANDARD_LIBRARIES = YES;
				BUNDLE_LOADER = "$(TEST_HOST)";
				CODE_SIGN_STYLE = Automatic;
				DEVELOPMENT_TEAM = EEHY369BTU;
				INFOPLIST_FILE = FoodTrackerTests/Info.plist;
				LD_RUNPATH_SEARCH_PATHS = (
					"$(inherited)",
					"@executable_path/Frameworks",
					"@loader_path/Frameworks",
				);
				PRODUCT_BUNDLE_IDENTIFIER = com.murakami.FoodTrackerTests;
				PRODUCT_NAME = "$(TARGET_NAME)";
				SWIFT_VERSION = 5.0;
				TARGETED_DEVICE_FAMILY = "1,2";
				TEST_HOST = "$(BUILT_PRODUCTS_DIR)/FoodTracker.app/FoodTracker";
			};
			name = Debug;
		};
		DDC270BB231101F90017452D /* Release */ = {
			isa = XCBuildConfiguration;
			buildSettings = {
				ALWAYS_EMBED_SWIFT_STANDARD_LIBRARIES = YES;
				BUNDLE_LOADER = "$(TEST_HOST)";
				CODE_SIGN_STYLE = Automatic;
				DEVELOPMENT_TEAM = EEHY369BTU;
				INFOPLIST_FILE = FoodTrackerTests/Info.plist;
				LD_RUNPATH_SEARCH_PATHS = (
					"$(inherited)",
					"@executable_path/Frameworks",
					"@loader_path/Frameworks",
				);
				PRODUCT_BUNDLE_IDENTIFIER = com.murakami.FoodTrackerTests;
				PRODUCT_NAME = "$(TARGET_NAME)";
				SWIFT_VERSION = 5.0;
				TARGETED_DEVICE_FAMILY = "1,2";
				TEST_HOST = "$(BUILT_PRODUCTS_DIR)/FoodTracker.app/FoodTracker";
			};
			name = Release;
		};
		DDC270BD231101F90017452D /* Debug */ = {
			isa = XCBuildConfiguration;
			buildSettings = {
				ALWAYS_EMBED_SWIFT_STANDARD_LIBRARIES = YES;
				CODE_SIGN_STYLE = Automatic;
				DEVELOPMENT_TEAM = EEHY369BTU;
				INFOPLIST_FILE = FoodTrackerUITests/Info.plist;
				LD_RUNPATH_SEARCH_PATHS = (
					"$(inherited)",
					"@executable_path/Frameworks",
					"@loader_path/Frameworks",
				);
				PRODUCT_BUNDLE_IDENTIFIER = com.murakami.FoodTrackerUITests;
				PRODUCT_NAME = "$(TARGET_NAME)";
				SWIFT_VERSION = 5.0;
				TARGETED_DEVICE_FAMILY = "1,2";
				TEST_TARGET_NAME = FoodTracker;
			};
			name = Debug;
		};
		DDC270BE231101F90017452D /* Release */ = {
			isa = XCBuildConfiguration;
			buildSettings = {
				ALWAYS_EMBED_SWIFT_STANDARD_LIBRARIES = YES;
				CODE_SIGN_STYLE = Automatic;
				DEVELOPMENT_TEAM = EEHY369BTU;
				INFOPLIST_FILE = FoodTrackerUITests/Info.plist;
				LD_RUNPATH_SEARCH_PATHS = (
					"$(inherited)",
					"@executable_path/Frameworks",
					"@loader_path/Frameworks",
				);
				PRODUCT_BUNDLE_IDENTIFIER = com.murakami.FoodTrackerUITests;
				PRODUCT_NAME = "$(TARGET_NAME)";
				SWIFT_VERSION = 5.0;
				TARGETED_DEVICE_FAMILY = "1,2";
				TEST_TARGET_NAME = FoodTracker;
			};
			name = Release;
		};
/* End XCBuildConfiguration section */

/* Begin XCConfigurationList section */
		DDC27086231101F90017452D /* Build configuration list for PBXProject "FoodTracker" */ = {
			isa = XCConfigurationList;
			buildConfigurations = (
				DDC270B4231101F90017452D /* Debug */,
				DDC270B5231101F90017452D /* Release */,
			);
			defaultConfigurationIsVisible = 0;
			defaultConfigurationName = Release;
		};
		DDC270B6231101F90017452D /* Build configuration list for PBXNativeTarget "FoodTracker" */ = {
			isa = XCConfigurationList;
			buildConfigurations = (
				DDC270B7231101F90017452D /* Debug */,
				DDC270B8231101F90017452D /* Release */,
			);
			defaultConfigurationIsVisible = 0;
			defaultConfigurationName = Release;
		};
		DDC270B9231101F90017452D /* Build configuration list for PBXNativeTarget "FoodTrackerTests" */ = {
			isa = XCConfigurationList;
			buildConfigurations = (
				DDC270BA231101F90017452D /* Debug */,
				DDC270BB231101F90017452D /* Release */,
			);
			defaultConfigurationIsVisible = 0;
			defaultConfigurationName = Release;
		};
		DDC270BC231101F90017452D /* Build configuration list for PBXNativeTarget "FoodTrackerUITests" */ = {
			isa = XCConfigurationList;
			buildConfigurations = (
				DDC270BD231101F90017452D /* Debug */,
				DDC270BE231101F90017452D /* Release */,
			);
			defaultConfigurationIsVisible = 0;
			defaultConfigurationName = Release;
		};
/* End XCConfigurationList section */

/* Begin XCVersionGroup section */
		DDC27095231101F90017452D /* FoodTracker.xcdatamodeld */ = {
			isa = XCVersionGroup;
			children = (
				DDC27096231101F90017452D /* FoodTracker.xcdatamodel */,
			);
			currentVersion = DDC27096231101F90017452D /* FoodTracker.xcdatamodel */;
			path = FoodTracker.xcdatamodeld;
			sourceTree = "<group>";
			versionGroupType = wrapper.xcdatamodel;
		};
/* End XCVersionGroup section */
	};
	rootObject = DDC27083231101F90017452D /* Project object */;
}
